
Microsoft Visual Studio Solution File, Format Version 12.00
# Visual Studio Version 17
VisualStudioVersion = 17.6.33801.468
MinimumVisualStudioVersion = 10.0.40219.1
Project("{2150E333-8FDC-42A3-9474-1A3956D46DE8}") = "Solution Items", "Solution Items", "{5AD2860B-1CF2-4C05-A7C9-CC84137C6135}"
	ProjectSection(SolutionItems) = preProject
		global.json = global.json
	EndProjectSection
EndProject
Project("{2150E333-8FDC-42A3-9474-1A3956D46DE8}") = "src", "src", "{25DA6233-87F7-4C37-8E13-96F76FEF72AD}"
EndProject
Project("{2150E333-8FDC-42A3-9474-1A3956D46DE8}") = "1 - Presentation", "1 - Presentation", "{94BC2D66-FEFB-419B-ABFD-6077404F5B7A}"
EndProject
Project("{2150E333-8FDC-42A3-9474-1A3956D46DE8}") = "2 - Service", "2 - Service", "{C8B88FD1-D261-47F4-A334-13C925A7D2D3}"
EndProject
Project("{2150E333-8FDC-42A3-9474-1A3956D46DE8}") = "3 - Application", "3 - Application", "{7E908642-485E-452A-8DEF-98E8E5C505B8}"
EndProject
Project("{2150E333-8FDC-42A3-9474-1A3956D46DE8}") = "4 - Domain", "4 - Domain", "{C625668F-71BB-41BF-8245-61B4ACC19B0A}"
EndProject
Project("{2150E333-8FDC-42A3-9474-1A3956D46DE8}") = "5 - Infra", "5 - Infra", "{33B4A153-3805-488A-8C1F-AE4A6CD78CBF}"
EndProject
Project("{2150E333-8FDC-42A3-9474-1A3956D46DE8}") = "5.1 - Data", "5.1 - Data", "{17448A41-C745-46E0-B580-96410A5F26A5}"
EndProject
Project("{2150E333-8FDC-42A3-9474-1A3956D46DE8}") = "5.2 - CrossCutting", "5.2 - CrossCutting", "{89529FED-D6D5-46CD-9C2B-F88A9F5FD885}"
EndProject
Project("{9A19103F-16F7-4668-BE54-9A1E7A4F7556}") = "BaseDDD.Domain", "src\BaseDDD.Domain\BaseDDD.Domain\BaseDDD.Domain.csproj", "{D4693683-87B0-4E16-A1FD-EE9C20ABD607}"
EndProject
Project("{FAE04EC0-301F-11D3-BF4B-00C04F79EFBC}") = "BaseDDD.Infra.Data", "src\BaseDDD.Infra.Data\BaseDDD.Infra.Data\BaseDDD.Infra.Data.csproj", "{22B95097-CAFA-4461-89E3-CE76D655E415}"
EndProject
Project("{FAE04EC0-301F-11D3-BF4B-00C04F79EFBC}") = "BaseDDD.Application", "src\BaseDDD.Application\BaseDDD.Application\BaseDDD.Application.csproj", "{200C2495-B362-4447-B012-12458609F3E9}"
EndProject
Project("{FAE04EC0-301F-11D3-BF4B-00C04F79EFBC}") = "BaseDDD.Domain.Log", "src\BaseDDD.Domain.Log\BaseDDD.Domain.Log\BaseDDD.Domain.Log.csproj", "{186E0885-8020-4F29-AF79-F73814B072DF}"
EndProject
Project("{FAE04EC0-301F-11D3-BF4B-00C04F79EFBC}") = "BaseDDD.Infra.CrossCutting.Bus", "src\BaseDDD.Infra.CrossCutting.Bus\BaseDDD.Infra.CrossCutting.Bus\BaseDDD.Infra.CrossCutting.Bus.csproj", "{ABA4A1EA-5B14-4DA5-97E8-BE9064E6CFBF}"
EndProject
Project("{FAE04EC0-301F-11D3-BF4B-00C04F79EFBC}") = "BaseDDD.Infra.CrossCutting.Identity", "src\BaseDDD.Infra.CrossCutting.Identity\BaseDDD.Infra.CrossCutting.Identity\BaseDDD.Infra.CrossCutting.Identity.csproj", "{B8116F27-2F3F-4FA0-8493-B658F987E54E}"
EndProject
Project("{FAE04EC0-301F-11D3-BF4B-00C04F79EFBC}") = "BaseDDD.Infra.CrossCutting.IoC", "src\BaseDDD.Infra.CrossCutting.IoC\BaseDDD.Infra.CrossCutting.IoC\BaseDDD.Infra.CrossCutting.IoC.csproj", "{80CC919B-D7CA-4808-BA0C-AB6BE3A28079}"
EndProject
Project("{FAE04EC0-301F-11D3-BF4B-00C04F79EFBC}") = "BaseDDD.Infra.CrossCutting.Util", "src\BaseDDD.Infra.CrossCutting.Util\BaseDDD.Infra.CrossCutting.Util\BaseDDD.Infra.CrossCutting.Util.csproj", "{8A8F4EE2-177E-422F-B0EB-A4A30C914A1E}"
EndProject
Global
	GlobalSection(SolutionConfigurationPlatforms) = preSolution
		Debug|Any CPU = Debug|Any CPU
		Release|Any CPU = Release|Any CPU
	EndGlobalSection
	GlobalSection(ProjectConfigurationPlatforms) = postSolution
		{D4693683-87B0-4E16-A1FD-EE9C20ABD607}.Debug|Any CPU.ActiveCfg = Debug|Any CPU
		{D4693683-87B0-4E16-A1FD-EE9C20ABD607}.Debug|Any CPU.Build.0 = Debug|Any CPU
		{D4693683-87B0-4E16-A1FD-EE9C20ABD607}.Release|Any CPU.ActiveCfg = Release|Any CPU
		{D4693683-87B0-4E16-A1FD-EE9C20ABD607}.Release|Any CPU.Build.0 = Release|Any CPU
		{22B95097-CAFA-4461-89E3-CE76D655E415}.Debug|Any CPU.ActiveCfg = Debug|Any CPU
		{22B95097-CAFA-4461-89E3-CE76D655E415}.Debug|Any CPU.Build.0 = Debug|Any CPU
		{22B95097-CAFA-4461-89E3-CE76D655E415}.Release|Any CPU.ActiveCfg = Release|Any CPU
		{22B95097-CAFA-4461-89E3-CE76D655E415}.Release|Any CPU.Build.0 = Release|Any CPU
		{200C2495-B362-4447-B012-12458609F3E9}.Debug|Any CPU.ActiveCfg = Debug|Any CPU
		{200C2495-B362-4447-B012-12458609F3E9}.Debug|Any CPU.Build.0 = Debug|Any CPU
		{200C2495-B362-4447-B012-12458609F3E9}.Release|Any CPU.ActiveCfg = Release|Any CPU
		{200C2495-B362-4447-B012-12458609F3E9}.Release|Any CPU.Build.0 = Release|Any CPU
		{186E0885-8020-4F29-AF79-F73814B072DF}.Debug|Any CPU.ActiveCfg = Debug|Any CPU
		{186E0885-8020-4F29-AF79-F73814B072DF}.Debug|Any CPU.Build.0 = Debug|Any CPU
		{186E0885-8020-4F29-AF79-F73814B072DF}.Release|Any CPU.ActiveCfg = Release|Any CPU
		{186E0885-8020-4F29-AF79-F73814B072DF}.Release|Any CPU.Build.0 = Release|Any CPU
		{ABA4A1EA-5B14-4DA5-97E8-BE9064E6CFBF}.Debug|Any CPU.ActiveCfg = Debug|Any CPU
		{ABA4A1EA-5B14-4DA5-97E8-BE9064E6CFBF}.Debug|Any CPU.Build.0 = Debug|Any CPU
		{ABA4A1EA-5B14-4DA5-97E8-BE9064E6CFBF}.Release|Any CPU.ActiveCfg = Release|Any CPU
		{ABA4A1EA-5B14-4DA5-97E8-BE9064E6CFBF}.Release|Any CPU.Build.0 = Release|Any CPU
		{B8116F27-2F3F-4FA0-8493-B658F987E54E}.Debug|Any CPU.ActiveCfg = Debug|Any CPU
		{B8116F27-2F3F-4FA0-8493-B658F987E54E}.Debug|Any CPU.Build.0 = Debug|Any CPU
		{B8116F27-2F3F-4FA0-8493-B658F987E54E}.Release|Any CPU.ActiveCfg = Release|Any CPU
		{B8116F27-2F3F-4FA0-8493-B658F987E54E}.Release|Any CPU.Build.0 = Release|Any CPU
		{80CC919B-D7CA-4808-BA0C-AB6BE3A28079}.Debug|Any CPU.ActiveCfg = Debug|Any CPU
		{80CC919B-D7CA-4808-BA0C-AB6BE3A28079}.Debug|Any CPU.Build.0 = Debug|Any CPU
		{80CC919B-D7CA-4808-BA0C-AB6BE3A28079}.Release|Any CPU.ActiveCfg = Release|Any CPU
		{80CC919B-D7CA-4808-BA0C-AB6BE3A28079}.Release|Any CPU.Build.0 = Release|Any CPU
		{8A8F4EE2-177E-422F-B0EB-A4A30C914A1E}.Debug|Any CPU.ActiveCfg = Debug|Any CPU
		{8A8F4EE2-177E-422F-B0EB-A4A30C914A1E}.Debug|Any CPU.Build.0 = Debug|Any CPU
		{8A8F4EE2-177E-422F-B0EB-A4A30C914A1E}.Release|Any CPU.ActiveCfg = Release|Any CPU
		{8A8F4EE2-177E-422F-B0EB-A4A30C914A1E}.Release|Any CPU.Build.0 = Release|Any CPU
	EndGlobalSection
	GlobalSection(SolutionProperties) = preSolution
		HideSolutionNode = FALSE
	EndGlobalSection
	GlobalSection(NestedProjects) = preSolution
		{94BC2D66-FEFB-419B-ABFD-6077404F5B7A} = {25DA6233-87F7-4C37-8E13-96F76FEF72AD}
		{C8B88FD1-D261-47F4-A334-13C925A7D2D3} = {25DA6233-87F7-4C37-8E13-96F76FEF72AD}
		{7E908642-485E-452A-8DEF-98E8E5C505B8} = {25DA6233-87F7-4C37-8E13-96F76FEF72AD}
		{C625668F-71BB-41BF-8245-61B4ACC19B0A} = {25DA6233-87F7-4C37-8E13-96F76FEF72AD}
		{33B4A153-3805-488A-8C1F-AE4A6CD78CBF} = {25DA6233-87F7-4C37-8E13-96F76FEF72AD}
		{17448A41-C745-46E0-B580-96410A5F26A5} = {33B4A153-3805-488A-8C1F-AE4A6CD78CBF}
		{89529FED-D6D5-46CD-9C2B-F88A9F5FD885} = {33B4A153-3805-488A-8C1F-AE4A6CD78CBF}
		{D4693683-87B0-4E16-A1FD-EE9C20ABD607} = {C625668F-71BB-41BF-8245-61B4ACC19B0A}
		{22B95097-CAFA-4461-89E3-CE76D655E415} = {17448A41-C745-46E0-B580-96410A5F26A5}
		{200C2495-B362-4447-B012-12458609F3E9} = {7E908642-485E-452A-8DEF-98E8E5C505B8}
		{186E0885-8020-4F29-AF79-F73814B072DF} = {C625668F-71BB-41BF-8245-61B4ACC19B0A}
		{ABA4A1EA-5B14-4DA5-97E8-BE9064E6CFBF} = {89529FED-D6D5-46CD-9C2B-F88A9F5FD885}
		{B8116F27-2F3F-4FA0-8493-B658F987E54E} = {89529FED-D6D5-46CD-9C2B-F88A9F5FD885}
		{80CC919B-D7CA-4808-BA0C-AB6BE3A28079} = {89529FED-D6D5-46CD-9C2B-F88A9F5FD885}
		{8A8F4EE2-177E-422F-B0EB-A4A30C914A1E} = {89529FED-D6D5-46CD-9C2B-F88A9F5FD885}
	EndGlobalSection
	GlobalSection(ExtensibilityGlobals) = postSolution
		SolutionGuid = {81C8923B-B606-4142-B4F3-844C8273554A}
	EndGlobalSection
EndGlobal
